
Microsoft Visual Studio Solution File, Format Version 12.00
# Visual Studio Version 17
VisualStudioVersion = 17.13.35806.99 d17.13
MinimumVisualStudioVersion = 10.0.40219.1
Project("{FAE04EC0-301F-11D3-BF4B-00C04F79EFBC}") = "HashTables", "HashTables.csproj", "{F2B9CBBC-42D9-438D-BBD9-2D2280D8BCCF}"
EndProject
Global
	GlobalSection(SolutionConfigurationPlatforms) = preSolution
		Debug|Any CPU = Debug|Any CPU
		Release|Any CPU = Release|Any CPU
	EndGlobalSection
	GlobalSection(ProjectConfigurationPlatforms) = postSolution
		{F2B9CBBC-42D9-438D-BBD9-2D2280D8BCCF}.Debug|Any CPU.ActiveCfg = Debug|Any CPU
		{F2B9CBBC-42D9-438D-BBD9-2D2280D8BCCF}.Debug|Any CPU.Build.0 = Debug|Any CPU
		{F2B9CBBC-42D9-438D-BBD9-2D2280D8BCCF}.Release|Any CPU.ActiveCfg = Release|Any CPU
		{F2B9CBBC-42D9-438D-BBD9-2D2280D8BCCF}.Release|Any CPU.Build.0 = Release|Any CPU
	EndGlobalSection
	GlobalSection(SolutionProperties) = preSolution
		HideSolutionNode = FALSE
	EndGlobalSection
	GlobalSection(ExtensibilityGlobals) = postSolution
		SolutionGuid = {D8E36695-4F63-4861-B905-01AAE828E484}
	EndGlobalSection
EndGlobal
