
Microsoft Visual Studio Solution File, Format Version 12.00
# Visual Studio Version 17
VisualStudioVersion = 17.13.35806.99 d17.13
MinimumVisualStudioVersion = 10.0.40219.1
Project("{FAE04EC0-301F-11D3-BF4B-00C04F79EFBC}") = "IDictionary", "IDictionary.csproj", "{EA13BF92-DBFF-4E1D-A44E-106B50E393FB}"
EndProject
Global
	GlobalSection(SolutionConfigurationPlatforms) = preSolution
		Debug|Any CPU = Debug|Any CPU
		Release|Any CPU = Release|Any CPU
	EndGlobalSection
	GlobalSection(ProjectConfigurationPlatforms) = postSolution
		{EA13BF92-DBFF-4E1D-A44E-106B50E393FB}.Debug|Any CPU.ActiveCfg = Debug|Any CPU
		{EA13BF92-DBFF-4E1D-A44E-106B50E393FB}.Debug|Any CPU.Build.0 = Debug|Any CPU
		{EA13BF92-DBFF-4E1D-A44E-106B50E393FB}.Release|Any CPU.ActiveCfg = Release|Any CPU
		{EA13BF92-DBFF-4E1D-A44E-106B50E393FB}.Release|Any CPU.Build.0 = Release|Any CPU
	EndGlobalSection
	GlobalSection(SolutionProperties) = preSolution
		HideSolutionNode = FALSE
	EndGlobalSection
	GlobalSection(ExtensibilityGlobals) = postSolution
		SolutionGuid = {98E91838-8C96-4E81-9A98-07B21A96BF1A}
	EndGlobalSection
EndGlobal
