
Microsoft Visual Studio Solution File, Format Version 12.00
# Visual Studio Version 17
VisualStudioVersion = 17.13.35806.99 d17.13
MinimumVisualStudioVersion = 10.0.40219.1
Project("{FAE04EC0-301F-11D3-BF4B-00C04F79EFBC}") = "HashSets", "HashSets.csproj", "{27CC7F9A-EC8F-4E6D-864D-4E69E3D47D11}"
EndProject
Global
	GlobalSection(SolutionConfigurationPlatforms) = preSolution
		Debug|Any CPU = Debug|Any CPU
		Release|Any CPU = Release|Any CPU
	EndGlobalSection
	GlobalSection(ProjectConfigurationPlatforms) = postSolution
		{27CC7F9A-EC8F-4E6D-864D-4E69E3D47D11}.Debug|Any CPU.ActiveCfg = Debug|Any CPU
		{27CC7F9A-EC8F-4E6D-864D-4E69E3D47D11}.Debug|Any CPU.Build.0 = Debug|Any CPU
		{27CC7F9A-EC8F-4E6D-864D-4E69E3D47D11}.Release|Any CPU.ActiveCfg = Release|Any CPU
		{27CC7F9A-EC8F-4E6D-864D-4E69E3D47D11}.Release|Any CPU.Build.0 = Release|Any CPU
	EndGlobalSection
	GlobalSection(SolutionProperties) = preSolution
		HideSolutionNode = FALSE
	EndGlobalSection
	GlobalSection(ExtensibilityGlobals) = postSolution
		SolutionGuid = {C173C361-C1EE-48E0-93EE-9C35E2A4C013}
	EndGlobalSection
EndGlobal
